
Microsoft Visual Studio Solution File, Format Version 12.00
# Visual Studio Version 17
VisualStudioVersion = 17.3.32825.248
MinimumVisualStudioVersion = 10.0.40219.1
Project("{FAE04EC0-301F-11D3-BF4B-00C04F79EFBC}") = "ControlsWindow", "ControlsWindow\ControlsWindow.csproj", "{9ADA6EB8-4E79-440B-9346-839BD7C8D527}"
EndProject
Project("{FAE04EC0-301F-11D3-BF4B-00C04F79EFBC}") = "Tooltip", "Tooltip\Tooltip.csproj", "{15F714F3-B229-4123-A882-30F496B0483D}"
EndProject
Project("{2150E333-8FDC-42A3-9474-1A3956D46DE8}") = "Resources", "Resources", "{D1155FD2-5B67-44A3-8942-D639C3990121}"
EndProject
Project("{FAE04EC0-301F-11D3-BF4B-00C04F79EFBC}") = "ListBoxItem", "ListBox\ListBoxItem.csproj", "{89C5A686-186A-4B4D-BCE1-215FFA905243}"
EndProject
Project("{FAE04EC0-301F-11D3-BF4B-00C04F79EFBC}") = "ListsWindow", "ListsWindow\ListsWindow.csproj", "{664B635F-2400-4A90-A845-9BCEC51AC7E3}"
EndProject
Global
	GlobalSection(SolutionConfigurationPlatforms) = preSolution
		Debug|Any CPU = Debug|Any CPU
		Release|Any CPU = Release|Any CPU
	EndGlobalSection
	GlobalSection(ProjectConfigurationPlatforms) = postSolution
		{9ADA6EB8-4E79-440B-9346-839BD7C8D527}.Debug|Any CPU.ActiveCfg = Debug|Any CPU
		{9ADA6EB8-4E79-440B-9346-839BD7C8D527}.Debug|Any CPU.Build.0 = Debug|Any CPU
		{9ADA6EB8-4E79-440B-9346-839BD7C8D527}.Release|Any CPU.ActiveCfg = Release|Any CPU
		{9ADA6EB8-4E79-440B-9346-839BD7C8D527}.Release|Any CPU.Build.0 = Release|Any CPU
		{15F714F3-B229-4123-A882-30F496B0483D}.Debug|Any CPU.ActiveCfg = Debug|Any CPU
		{15F714F3-B229-4123-A882-30F496B0483D}.Debug|Any CPU.Build.0 = Debug|Any CPU
		{15F714F3-B229-4123-A882-30F496B0483D}.Release|Any CPU.ActiveCfg = Release|Any CPU
		{15F714F3-B229-4123-A882-30F496B0483D}.Release|Any CPU.Build.0 = Release|Any CPU
		{89C5A686-186A-4B4D-BCE1-215FFA905243}.Debug|Any CPU.ActiveCfg = Debug|Any CPU
		{89C5A686-186A-4B4D-BCE1-215FFA905243}.Debug|Any CPU.Build.0 = Debug|Any CPU
		{89C5A686-186A-4B4D-BCE1-215FFA905243}.Release|Any CPU.ActiveCfg = Release|Any CPU
		{89C5A686-186A-4B4D-BCE1-215FFA905243}.Release|Any CPU.Build.0 = Release|Any CPU
		{664B635F-2400-4A90-A845-9BCEC51AC7E3}.Debug|Any CPU.ActiveCfg = Debug|Any CPU
		{664B635F-2400-4A90-A845-9BCEC51AC7E3}.Debug|Any CPU.Build.0 = Debug|Any CPU
		{664B635F-2400-4A90-A845-9BCEC51AC7E3}.Release|Any CPU.ActiveCfg = Release|Any CPU
		{664B635F-2400-4A90-A845-9BCEC51AC7E3}.Release|Any CPU.Build.0 = Release|Any CPU
	EndGlobalSection
	GlobalSection(SolutionProperties) = preSolution
		HideSolutionNode = FALSE
	EndGlobalSection
	GlobalSection(ExtensibilityGlobals) = postSolution
		SolutionGuid = {C743E4D0-86F9-42E8-BE3A-D2970C634D58}
	EndGlobalSection
EndGlobal
